// !$*UTF8*$!
{
	archiveVersion = 1;
	classes = {
	};
	objectVersion = 56;
	objects = {

/* Begin PBXBuildFile section */
		3D6BC1262CB1941000863919 /* HomeViewController.swift in Sources */ = {isa = PBXBuildFile; fileRef = 3D6BC1252CB1941000863919 /* HomeViewController.swift */; };
		3D6BC1282CB19C5D00863919 /* Utils.swift in Sources */ = {isa = PBXBuildFile; fileRef = 3D6BC1272CB19C5D00863919 /* Utils.swift */; };
		3D6BC12A2CB1A15800863919 /* RegisterViewController.swift in Sources */ = {isa = PBXBuildFile; fileRef = 3D6BC1292CB1A15700863919 /* RegisterViewController.swift */; };
		3D6BC12C2CB1C77900863919 /* package_foo.xml in Resources */ = {isa = PBXBuildFile; fileRef = 3D6BC12B2CB1C77900863919 /* package_foo.xml */; };
		3D6BC12E2CB1CC5900863919 /* Persona.swift in Sources */ = {isa = PBXBuildFile; fileRef = 3D6BC12D2CB1CC5900863919 /* Persona.swift */; };
		3D6BC1302CB1CEA500863919 /* DataManager.swift in Sources */ = {isa = PBXBuildFile; fileRef = 3D6BC12F2CB1CEA500863919 /* DataManager.swift */; };
		BE4695532CB05AAB00374EB0 /* AppDelegate.swift in Sources */ = {isa = PBXBuildFile; fileRef = BE4695522CB05AAB00374EB0 /* AppDelegate.swift */; };
		BE4695552CB05AAB00374EB0 /* SceneDelegate.swift in Sources */ = {isa = PBXBuildFile; fileRef = BE4695542CB05AAB00374EB0 /* SceneDelegate.swift */; };
		BE4695572CB05AAB00374EB0 /* ViewController.swift in Sources */ = {isa = PBXBuildFile; fileRef = BE4695562CB05AAB00374EB0 /* ViewController.swift */; };
		BE46955A2CB05AAB00374EB0 /* Main.storyboard in Resources */ = {isa = PBXBuildFile; fileRef = BE4695582CB05AAB00374EB0 /* Main.storyboard */; };
		BE46955C2CB05AAD00374EB0 /* Assets.xcassets in Resources */ = {isa = PBXBuildFile; fileRef = BE46955B2CB05AAD00374EB0 /* Assets.xcassets */; };
		BE46955F2CB05AAD00374EB0 /* LaunchScreen.storyboard in Resources */ = {isa = PBXBuildFile; fileRef = BE46955D2CB05AAD00374EB0 /* LaunchScreen.storyboard */; };
/* End PBXBuildFile section */

/* Begin PBXFileReference section */
		3D6BC1252CB1941000863919 /* HomeViewController.swift */ = {isa = PBXFileReference; lastKnownFileType = sourcecode.swift; path = HomeViewController.swift; sourceTree = "<group>"; };
		3D6BC1272CB19C5D00863919 /* Utils.swift */ = {isa = PBXFileReference; lastKnownFileType = sourcecode.swift; path = Utils.swift; sourceTree = "<group>"; };
		3D6BC1292CB1A15700863919 /* RegisterViewController.swift */ = {isa = PBXFileReference; lastKnownFileType = sourcecode.swift; path = RegisterViewController.swift; sourceTree = "<group>"; };
		3D6BC12B2CB1C77900863919 /* package_foo.xml */ = {isa = PBXFileReference; fileEncoding = 4; lastKnownFileType = text.xml; path = package_foo.xml; sourceTree = "<group>"; };
		3D6BC12D2CB1CC5900863919 /* Persona.swift */ = {isa = PBXFileReference; lastKnownFileType = sourcecode.swift; path = Persona.swift; sourceTree = "<group>"; };
		3D6BC12F2CB1CEA500863919 /* DataManager.swift */ = {isa = PBXFileReference; lastKnownFileType = sourcecode.swift; path = DataManager.swift; sourceTree = "<group>"; };
		BE46954F2CB05AAB00374EB0 /* foo.app */ = {isa = PBXFileReference; explicitFileType = wrapper.application; includeInIndex = 0; path = foo.app; sourceTree = BUILT_PRODUCTS_DIR; };
		BE4695522CB05AAB00374EB0 /* AppDelegate.swift */ = {isa = PBXFileReference; lastKnownFileType = sourcecode.swift; path = AppDelegate.swift; sourceTree = "<group>"; };
		BE4695542CB05AAB00374EB0 /* SceneDelegate.swift */ = {isa = PBXFileReference; lastKnownFileType = sourcecode.swift; path = SceneDelegate.swift; sourceTree = "<group>"; };
		BE4695562CB05AAB00374EB0 /* ViewController.swift */ = {isa = PBXFileReference; lastKnownFileType = sourcecode.swift; path = ViewController.swift; sourceTree = "<group>"; };
		BE4695592CB05AAB00374EB0 /* Base */ = {isa = PBXFileReference; lastKnownFileType = file.storyboard; name = Base; path = Base.lproj/Main.storyboard; sourceTree = "<group>"; };
		BE46955B2CB05AAD00374EB0 /* Assets.xcassets */ = {isa = PBXFileReference; lastKnownFileType = folder.assetcatalog; path = Assets.xcassets; sourceTree = "<group>"; };
		BE46955E2CB05AAD00374EB0 /* Base */ = {isa = PBXFileReference; lastKnownFileType = file.storyboard; name = Base; path = Base.lproj/LaunchScreen.storyboard; sourceTree = "<group>"; };
		BE4695602CB05AAD00374EB0 /* Info.plist */ = {isa = PBXFileReference; lastKnownFileType = text.plist.xml; path = Info.plist; sourceTree = "<group>"; };
/* End PBXFileReference section */

/* Begin PBXFrameworksBuildPhase section */
		BE46954C2CB05AAB00374EB0 /* Frameworks */ = {
			isa = PBXFrameworksBuildPhase;
			buildActionMask = 2147483647;
			files = (
			);
			runOnlyForDeploymentPostprocessing = 0;
		};
/* End PBXFrameworksBuildPhase section */

/* Begin PBXGroup section */
		BE4695462CB05AAB00374EB0 = {
			isa = PBXGroup;
			children = (
				BE4695512CB05AAB00374EB0 /* foo */,
				BE4695502CB05AAB00374EB0 /* Products */,
			);
			sourceTree = "<group>";
		};
		BE4695502CB05AAB00374EB0 /* Products */ = {
			isa = PBXGroup;
			children = (
				BE46954F2CB05AAB00374EB0 /* foo.app */,
			);
			name = Products;
			sourceTree = "<group>";
		};
		BE4695512CB05AAB00374EB0 /* foo */ = {
			isa = PBXGroup;
			children = (
				3D6BC12B2CB1C77900863919 /* package_foo.xml */,
				BE4695522CB05AAB00374EB0 /* AppDelegate.swift */,
				BE4695542CB05AAB00374EB0 /* SceneDelegate.swift */,
				3D6BC1252CB1941000863919 /* HomeViewController.swift */,
				BE4695562CB05AAB00374EB0 /* ViewController.swift */,
				BE4695582CB05AAB00374EB0 /* Main.storyboard */,
				BE46955B2CB05AAD00374EB0 /* Assets.xcassets */,
				BE46955D2CB05AAD00374EB0 /* LaunchScreen.storyboard */,
				BE4695602CB05AAD00374EB0 /* Info.plist */,
				3D6BC1272CB19C5D00863919 /* Utils.swift */,
				3D6BC1292CB1A15700863919 /* RegisterViewController.swift */,
				3D6BC12D2CB1CC5900863919 /* Persona.swift */,
				3D6BC12F2CB1CEA500863919 /* DataManager.swift */,
			);
			path = foo;
			sourceTree = "<group>";
		};
/* End PBXGroup section */

/* Begin PBXNativeTarget section */
		BE46954E2CB05AAB00374EB0 /* foo */ = {
			isa = PBXNativeTarget;
			buildConfigurationList = BE4695632CB05AAD00374EB0 /* Build configuration list for PBXNativeTarget "foo" */;
			buildPhases = (
				BE46954B2CB05AAB00374EB0 /* Sources */,
				BE46954C2CB05AAB00374EB0 /* Frameworks */,
				BE46954D2CB05AAB00374EB0 /* Resources */,
			);
			buildRules = (
			);
			dependencies = (
			);
			name = foo;
			productName = foo;
			productReference = BE46954F2CB05AAB00374EB0 /* foo.app */;
			productType = "com.apple.product-type.application";
		};
/* End PBXNativeTarget section */

/* Begin PBXProject section */
		BE4695472CB05AAB00374EB0 /* Project object */ = {
			isa = PBXProject;
			attributes = {
				BuildIndependentTargetsInParallel = 1;
				LastSwiftUpdateCheck = 1420;
				LastUpgradeCheck = 1420;
				TargetAttributes = {
					BE46954E2CB05AAB00374EB0 = {
						CreatedOnToolsVersion = 14.2;
					};
				};
			};
			buildConfigurationList = BE46954A2CB05AAB00374EB0 /* Build configuration list for PBXProject "foo" */;
			compatibilityVersion = "Xcode 14.0";
			developmentRegion = en;
			hasScannedForEncodings = 0;
			knownRegions = (
				en,
				Base,
			);
			mainGroup = BE4695462CB05AAB00374EB0;
			productRefGroup = BE4695502CB05AAB00374EB0 /* Products */;
			projectDirPath = "";
			projectRoot = "";
			targets = (
				BE46954E2CB05AAB00374EB0 /* foo */,
			);
		};
/* End PBXProject section */

/* Begin PBXResourcesBuildPhase section */
		BE46954D2CB05AAB00374EB0 /* Resources */ = {
			isa = PBXResourcesBuildPhase;
			buildActionMask = 2147483647;
			files = (
				BE46955F2CB05AAD00374EB0 /* LaunchScreen.storyboard in Resources */,
				3D6BC12C2CB1C77900863919 /* package_foo.xml in Resources */,
				BE46955C2CB05AAD00374EB0 /* Assets.xcassets in Resources */,
				BE46955A2CB05AAB00374EB0 /* Main.storyboard in Resources */,
			);
			runOnlyForDeploymentPostprocessing = 0;
		};
/* End PBXResourcesBuildPhase section */

/* Begin PBXSourcesBuildPhase section */
		BE46954B2CB05AAB00374EB0 /* Sources */ = {
			isa = PBXSourcesBuildPhase;
			buildActionMask = 2147483647;
			files = (
				3D6BC1282CB19C5D00863919 /* Utils.swift in Sources */,
				3D6BC1302CB1CEA500863919 /* DataManager.swift in Sources */,
				BE4695572CB05AAB00374EB0 /* ViewController.swift in Sources */,
				BE4695532CB05AAB00374EB0 /* AppDelegate.swift in Sources */,
				3D6BC12A2CB1A15800863919 /* RegisterViewController.swift in Sources */,
				BE4695552CB05AAB00374EB0 /* SceneDelegate.swift in Sources */,
				3D6BC1262CB1941000863919 /* HomeViewController.swift in Sources */,
				3D6BC12E2CB1CC5900863919 /* Persona.swift in Sources */,
			);
			runOnlyForDeploymentPostprocessing = 0;
		};
/* End PBXSourcesBuildPhase section */

/* Begin PBXVariantGroup section */
		BE4695582CB05AAB00374EB0 /* Main.storyboard */ = {
			isa = PBXVariantGroup;
			children = (
				BE4695592CB05AAB00374EB0 /* Base */,
			);
			name = Main.storyboard;
			sourceTree = "<group>";
		};
		BE46955D2CB05AAD00374EB0 /* LaunchScreen.storyboard */ = {
			isa = PBXVariantGroup;
			children = (
				BE46955E2CB05AAD00374EB0 /* Base */,
			);
			name = LaunchScreen.storyboard;
			sourceTree = "<group>";
		};
/* End PBXVariantGroup section */

/* Begin XCBuildConfiguration section */
		BE4695612CB05AAD00374EB0 /* Debug */ = {
			isa = XCBuildConfiguration;
			buildSettings = {
				ALWAYS_SEARCH_USER_PATHS = NO;
				CLANG_ANALYZER_NONNULL = YES;
				CLANG_ANALYZER_NUMBER_OBJECT_CONVERSION = YES_AGGRESSIVE;
				CLANG_CXX_LANGUAGE_STANDARD = "gnu++20";
				CLANG_ENABLE_MODULES = YES;
				CLANG_ENABLE_OBJC_ARC = YES;
				CLANG_ENABLE_OBJC_WEAK = YES;
				CLANG_WARN_BLOCK_CAPTURE_AUTORELEASING = YES;
				CLANG_WARN_BOOL_CONVERSION = YES;
				CLANG_WARN_COMMA = YES;
				CLANG_WARN_CONSTANT_CONVERSION = YES;
				CLANG_WARN_DEPRECATED_OBJC_IMPLEMENTATIONS = YES;
				CLANG_WARN_DIRECT_OBJC_ISA_USAGE = YES_ERROR;
				CLANG_WARN_DOCUMENTATION_COMMENTS = YES;
				CLANG_WARN_EMPTY_BODY = YES;
				CLANG_WARN_ENUM_CONVERSION = YES;
				CLANG_WARN_INFINITE_RECURSION = YES;
				CLANG_WARN_INT_CONVERSION = YES;
				CLANG_WARN_NON_LITERAL_NULL_CONVERSION = YES;
				CLANG_WARN_OBJC_IMPLICIT_RETAIN_SELF = YES;
				CLANG_WARN_OBJC_LITERAL_CONVERSION = YES;
				CLANG_WARN_OBJC_ROOT_CLASS = YES_ERROR;
				CLANG_WARN_QUOTED_INCLUDE_IN_FRAMEWORK_HEADER = YES;
				CLANG_WARN_RANGE_LOOP_ANALYSIS = YES;
				CLANG_WARN_STRICT_PROTOTYPES = YES;
				CLANG_WARN_SUSPICIOUS_MOVE = YES;
				CLANG_WARN_UNGUARDED_AVAILABILITY = YES_AGGRESSIVE;
				CLANG_WARN_UNREACHABLE_CODE = YES;
				CLANG_WARN__DUPLICATE_METHOD_MATCH = YES;
				COPY_PHASE_STRIP = NO;
				DEBUG_INFORMATION_FORMAT = dwarf;
				ENABLE_STRICT_OBJC_MSGSEND = YES;
				ENABLE_TESTABILITY = YES;
				GCC_C_LANGUAGE_STANDARD = gnu11;
				GCC_DYNAMIC_NO_PIC = NO;
				GCC_NO_COMMON_BLOCKS = YES;
				GCC_OPTIMIZATION_LEVEL = 0;
				GCC_PREPROCESSOR_DEFINITIONS = (
					"DEBUG=1",
					"$(inherited)",
				);
				GCC_WARN_64_TO_32_BIT_CONVERSION = YES;
				GCC_WARN_ABOUT_RETURN_TYPE = YES_ERROR;
				GCC_WARN_UNDECLARED_SELECTOR = YES;
				GCC_WARN_UNINITIALIZED_AUTOS = YES_AGGRESSIVE;
				GCC_WARN_UNUSED_FUNCTION = YES;
				GCC_WARN_UNUSED_VARIABLE = YES;
				IPHONEOS_DEPLOYMENT_TARGET = 16.2;
				MTL_ENABLE_DEBUG_INFO = INCLUDE_SOURCE;
				MTL_FAST_MATH = YES;
				ONLY_ACTIVE_ARCH = YES;
				SDKROOT = iphoneos;
				SWIFT_ACTIVE_COMPILATION_CONDITIONS = DEBUG;
				SWIFT_OPTIMIZATION_LEVEL = "-Onone";
			};
			name = Debug;
		};
		BE4695622CB05AAD00374EB0 /* Release */ = {
			isa = XCBuildConfiguration;
			buildSettings = {
				ALWAYS_SEARCH_USER_PATHS = NO;
				CLANG_ANALYZER_NONNULL = YES;
				CLANG_ANALYZER_NUMBER_OBJECT_CONVERSION = YES_AGGRESSIVE;
				CLANG_CXX_LANGUAGE_STANDARD = "gnu++20";
				CLANG_ENABLE_MODULES = YES;
				CLANG_ENABLE_OBJC_ARC = YES;
				CLANG_ENABLE_OBJC_WEAK = YES;
				CLANG_WARN_BLOCK_CAPTURE_AUTORELEASING = YES;
				CLANG_WARN_BOOL_CONVERSION = YES;
				CLANG_WARN_COMMA = YES;
				CLANG_WARN_CONSTANT_CONVERSION = YES;
				CLANG_WARN_DEPRECATED_OBJC_IMPLEMENTATIONS = YES;
				CLANG_WARN_DIRECT_OBJC_ISA_USAGE = YES_ERROR;
				CLANG_WARN_DOCUMENTATION_COMMENTS = YES;
				CLANG_WARN_EMPTY_BODY = YES;
				CLANG_WARN_ENUM_CONVERSION = YES;
				CLANG_WARN_INFINITE_RECURSION = YES;
				CLANG_WARN_INT_CONVERSION = YES;
				CLANG_WARN_NON_LITERAL_NULL_CONVERSION = YES;
				CLANG_WARN_OBJC_IMPLICIT_RETAIN_SELF = YES;
				CLANG_WARN_OBJC_LITERAL_CONVERSION = YES;
				CLANG_WARN_OBJC_ROOT_CLASS = YES_ERROR;
				CLANG_WARN_QUOTED_INCLUDE_IN_FRAMEWORK_HEADER = YES;
				CLANG_WARN_RANGE_LOOP_ANALYSIS = YES;
				CLANG_WARN_STRICT_PROTOTYPES = YES;
				CLANG_WARN_SUSPICIOUS_MOVE = YES;
				CLANG_WARN_UNGUARDED_AVAILABILITY = YES_AGGRESSIVE;
				CLANG_WARN_UNREACHABLE_CODE = YES;
				CLANG_WARN__DUPLICATE_METHOD_MATCH = YES;
				COPY_PHASE_STRIP = NO;
				DEBUG_INFORMATION_FORMAT = "dwarf-with-dsym";
				ENABLE_NS_ASSERTIONS = NO;
				ENABLE_STRICT_OBJC_MSGSEND = YES;
				GCC_C_LANGUAGE_STANDARD = gnu11;
				GCC_NO_COMMON_BLOCKS = YES;
				GCC_WARN_64_TO_32_BIT_CONVERSION = YES;
				GCC_WARN_ABOUT_RETURN_TYPE = YES_ERROR;
				GCC_WARN_UNDECLARED_SELECTOR = YES;
				GCC_WARN_UNINITIALIZED_AUTOS = YES_AGGRESSIVE;
				GCC_WARN_UNUSED_FUNCTION = YES;
				GCC_WARN_UNUSED_VARIABLE = YES;
				IPHONEOS_DEPLOYMENT_TARGET = 16.2;
				MTL_ENABLE_DEBUG_INFO = NO;
				MTL_FAST_MATH = YES;
				SDKROOT = iphoneos;
				SWIFT_COMPILATION_MODE = wholemodule;
				SWIFT_OPTIMIZATION_LEVEL = "-O";
				VALIDATE_PRODUCT = YES;
			};
			name = Release;
		};
		BE4695642CB05AAD00374EB0 /* Debug */ = {
			isa = XCBuildConfiguration;
			buildSettings = {
				ASSETCATALOG_COMPILER_APPICON_NAME = AppIcon;
				ASSETCATALOG_COMPILER_GLOBAL_ACCENT_COLOR_NAME = AccentColor;
				CODE_SIGN_STYLE = Automatic;
				CURRENT_PROJECT_VERSION = 1;
				GENERATE_INFOPLIST_FILE = YES;
				INFOPLIST_FILE = foo/Info.plist;
				INFOPLIST_KEY_UIApplicationSupportsIndirectInputEvents = YES;
				INFOPLIST_KEY_UILaunchStoryboardName = LaunchScreen;
				INFOPLIST_KEY_UIMainStoryboardFile = Main;
				INFOPLIST_KEY_UISupportedInterfaceOrientations_iPad = "UIInterfaceOrientationPortrait UIInterfaceOrientationPortraitUpsideDown UIInterfaceOrientationLandscapeLeft UIInterfaceOrientationLandscapeRight";
				INFOPLIST_KEY_UISupportedInterfaceOrientations_iPhone = "UIInterfaceOrientationPortrait UIInterfaceOrientationLandscapeLeft UIInterfaceOrientationLandscapeRight";
				LD_RUNPATH_SEARCH_PATHS = (
					"$(inherited)",
					"@executable_path/Frameworks",
				);
				MARKETING_VERSION = 1.0;
				PRODUCT_BUNDLE_IDENTIFIER = com.janzelaznog.ddadm12.foo;
				PRODUCT_NAME = "$(TARGET_NAME)";
				SWIFT_EMIT_LOC_STRINGS = YES;
				SWIFT_VERSION = 5.0;
				TARGETED_DEVICE_FAMILY = "1,2";
			};
			name = Debug;
		};
		BE4695652CB05AAD00374EB0 /* Release */ = {
			isa = XCBuildConfiguration;
			buildSettings = {
				ASSETCATALOG_COMPILER_APPICON_NAME = AppIcon;
				ASSETCATALOG_COMPILER_GLOBAL_ACCENT_COLOR_NAME = AccentColor;
				CODE_SIGN_STYLE = Automatic;
				CURRENT_PROJECT_VERSION = 1;
				GENERATE_INFOPLIST_FILE = YES;
				INFOPLIST_FILE = foo/Info.plist;
				INFOPLIST_KEY_UIApplicationSupportsIndirectInputEvents = YES;
				INFOPLIST_KEY_UILaunchStoryboardName = LaunchScreen;
				INFOPLIST_KEY_UIMainStoryboardFile = Main;
				INFOPLIST_KEY_UISupportedInterfaceOrientations_iPad = "UIInterfaceOrientationPortrait UIInterfaceOrientationPortraitUpsideDown UIInterfaceOrientationLandscapeLeft UIInterfaceOrientationLandscapeRight";
				INFOPLIST_KEY_UISupportedInterfaceOrientations_iPhone = "UIInterfaceOrientationPortrait UIInterfaceOrientationLandscapeLeft UIInterfaceOrientationLandscapeRight";
				LD_RUNPATH_SEARCH_PATHS = (
					"$(inherited)",
					"@executable_path/Frameworks",
				);
				MARKETING_VERSION = 1.0;
				PRODUCT_BUNDLE_IDENTIFIER = com.janzelaznog.ddadm12.foo;
				PRODUCT_NAME = "$(TARGET_NAME)";
				SWIFT_EMIT_LOC_STRINGS = YES;
				SWIFT_VERSION = 5.0;
				TARGETED_DEVICE_FAMILY = "1,2";
			};
			name = Release;
		};
/* End XCBuildConfiguration section */

/* Begin XCConfigurationList section */
		BE46954A2CB05AAB00374EB0 /* Build configuration list for PBXProject "foo" */ = {
			isa = XCConfigurationList;
			buildConfigurations = (
				BE4695612CB05AAD00374EB0 /* Debug */,
				BE4695622CB05AAD00374EB0 /* Release */,
			);
			defaultConfigurationIsVisible = 0;
			defaultConfigurationName = Release;
		};
		BE4695632CB05AAD00374EB0 /* Build configuration list for PBXNativeTarget "foo" */ = {
			isa = XCConfigurationList;
			buildConfigurations = (
				BE4695642CB05AAD00374EB0 /* Debug */,
				BE4695652CB05AAD00374EB0 /* Release */,
			);
			defaultConfigurationIsVisible = 0;
			defaultConfigurationName = Release;
		};
/* End XCConfigurationList section */
	};
	rootObject = BE4695472CB05AAB00374EB0 /* Project object */;
}
